{
  "nodes": {
    "nixpkgs": {
      "locked": {
        "lastModified": 1783282425,
        "narHash": "sha256-i5+DVHST2EVWezY/U3UMZG6UyPPG5NyjXC9v0Sa1iHQ=",
        "owner": "NixOS",
        "repo": "nixpkgs",
        "rev": "d5e64fa9b7e57a36e9a87b06be02acca5e19adbc",
        "type": "github"
      },
      "original": {
        "owner": "NixOS",
        "repo": "nixpkgs",
        "rev": "d5e64fa9b7e57a36e9a87b06be02acca5e19adbc",
        "type": "github"
      }
    },
    "root": {
      "inputs": {
        "nixpkgs": "nixpkgs"
      }
    }
  },
  "root": "root",
  "version": 7
}
